// !$*UTF8*$!
{
	archiveVersion = 1;
	classes = {
	};
	objectVersion = 46;
	objects = {

/* Begin PBXBuildFile section */
		2CC79F101C16A86C00B82D88 /* main.m in Sources */ = {isa = PBXBuildFile; fileRef = 2CC79F0F1C16A86C00B82D88 /* main.m */; };
		2CC79F131C16A86C00B82D88 /* AppDelegate.m in Sources */ = {isa = PBXBuildFile; fileRef = 2CC79F121C16A86C00B82D88 /* AppDelegate.m */; };
		2CC79F161C16A86C00B82D88 /* ViewController.m in Sources */ = {isa = PBXBuildFile; fileRef = 2CC79F151C16A86C00B82D88 /* ViewController.m */; };
		2CC79F191C16A86C00B82D88 /* Main.storyboard in Resources */ = {isa = PBXBuildFile; fileRef = 2CC79F171C16A86C00B82D88 /* Main.storyboard */; };
		2CC79F1B1C16A86C00B82D88 /* Assets.xcassets in Resources */ = {isa = PBXBuildFile; fileRef = 2CC79F1A1C16A86C00B82D88 /* Assets.xcassets */; };
		2CC79F1E1C16A86C00B82D88 /* LaunchScreen.storyboard in Resources */ = {isa = PBXBuildFile; fileRef = 2CC79F1C1C16A86C00B82D88 /* LaunchScreen.storyboard */; };
		2CC79F291C16A86C00B82D88 /* downTests.m in Sources */ = {isa = PBXBuildFile; fileRef = 2CC79F281C16A86C00B82D88 /* downTests.m */; };
		2CC79F341C16A86C00B82D88 /* downUITests.m in Sources */ = {isa = PBXBuildFile; fileRef = 2CC79F331C16A86C00B82D88 /* downUITests.m */; };
/* End PBXBuildFile section */

/* Begin PBXContainerItemProxy section */
		2CC79F251C16A86C00B82D88 /* PBXContainerItemProxy */ = {
			isa = PBXContainerItemProxy;
			containerPortal = 2CC79F031C16A86C00B82D88 /* Project object */;
			proxyType = 1;
			remoteGlobalIDString = 2CC79F0A1C16A86C00B82D88;
			remoteInfo = down;
		};
		2CC79F301C16A86C00B82D88 /* PBXContainerItemProxy */ = {
			isa = PBXContainerItemProxy;
			containerPortal = 2CC79F031C16A86C00B82D88 /* Project object */;
			proxyType = 1;
			remoteGlobalIDString = 2CC79F0A1C16A86C00B82D88;
			remoteInfo = down;
		};
/* End PBXContainerItemProxy section */

/* Begin PBXFileReference section */
		2CC79F0B1C16A86C00B82D88 /* down.app */ = {isa = PBXFileReference; explicitFileType = wrapper.application; includeInIndex = 0; path = down.app; sourceTree = BUILT_PRODUCTS_DIR; };
		2CC79F0F1C16A86C00B82D88 /* main.m */ = {isa = PBXFileReference; lastKnownFileType = sourcecode.c.objc; path = main.m; sourceTree = "<group>"; };
		2CC79F111C16A86C00B82D88 /* AppDelegate.h */ = {isa = PBXFileReference; lastKnownFileType = sourcecode.c.h; path = AppDelegate.h; sourceTree = "<group>"; };
		2CC79F121C16A86C00B82D88 /* AppDelegate.m */ = {isa = PBXFileReference; lastKnownFileType = sourcecode.c.objc; path = AppDelegate.m; sourceTree = "<group>"; };
		2CC79F141C16A86C00B82D88 /* ViewController.h */ = {isa = PBXFileReference; lastKnownFileType = sourcecode.c.h; path = ViewController.h; sourceTree = "<group>"; };
		2CC79F151C16A86C00B82D88 /* ViewController.m */ = {isa = PBXFileReference; lastKnownFileType = sourcecode.c.objc; path = ViewController.m; sourceTree = "<group>"; };
		2CC79F181C16A86C00B82D88 /* Base */ = {isa = PBXFileReference; lastKnownFileType = file.storyboard; name = Base; path = Base.lproj/Main.storyboard; sourceTree = "<group>"; };
		2CC79F1A1C16A86C00B82D88 /* Assets.xcassets */ = {isa = PBXFileReference; lastKnownFileType = folder.assetcatalog; path = Assets.xcassets; sourceTree = "<group>"; };
		2CC79F1D1C16A86C00B82D88 /* Base */ = {isa = PBXFileReference; lastKnownFileType = file.storyboard; name = Base; path = Base.lproj/LaunchScreen.storyboard; sourceTree = "<group>"; };
		2CC79F1F1C16A86C00B82D88 /* Info.plist */ = {isa = PBXFileReference; lastKnownFileType = text.plist.xml; path = Info.plist; sourceTree = "<group>"; };
		2CC79F241C16A86C00B82D88 /* downTests.xctest */ = {isa = PBXFileReference; explicitFileType = wrapper.cfbundle; includeInIndex = 0; path = downTests.xctest; sourceTree = BUILT_PRODUCTS_DIR; };
		2CC79F281C16A86C00B82D88 /* downTests.m */ = {isa = PBXFileReference; lastKnownFileType = sourcecode.c.objc; path = downTests.m; sourceTree = "<group>"; };
		2CC79F2A1C16A86C00B82D88 /* Info.plist */ = {isa = PBXFileReference; lastKnownFileType = text.plist.xml; path = Info.plist; sourceTree = "<group>"; };
		2CC79F2F1C16A86C00B82D88 /* downUITests.xctest */ = {isa = PBXFileReference; explicitFileType = wrapper.cfbundle; includeInIndex = 0; path = downUITests.xctest; sourceTree = BUILT_PRODUCTS_DIR; };
		2CC79F331C16A86C00B82D88 /* downUITests.m */ = {isa = PBXFileReference; lastKnownFileType = sourcecode.c.objc; path = downUITests.m; sourceTree = "<group>"; };
		2CC79F351C16A86C00B82D88 /* Info.plist */ = {isa = PBXFileReference; lastKnownFileType = text.plist.xml; path = Info.plist; sourceTree = "<group>"; };
/* End PBXFileReference section */

/* Begin PBXFrameworksBuildPhase section */
		2CC79F081C16A86C00B82D88 /* Frameworks */ = {
			isa = PBXFrameworksBuildPhase;
			buildActionMask = 2147483647;
			files = (
			);
			runOnlyForDeploymentPostprocessing = 0;
		};
		2CC79F211C16A86C00B82D88 /* Frameworks */ = {
			isa = PBXFrameworksBuildPhase;
			buildActionMask = 2147483647;
			files = (
			);
			runOnlyForDeploymentPostprocessing = 0;
		};
		2CC79F2C1C16A86C00B82D88 /* Frameworks */ = {
			isa = PBXFrameworksBuildPhase;
			buildActionMask = 2147483647;
			files = (
			);
			runOnlyForDeploymentPostprocessing = 0;
		};
/* End PBXFrameworksBuildPhase section */

/* Begin PBXGroup section */
		2CC79F021C16A86C00B82D88 = {
			isa = PBXGroup;
			children = (
				2CC79F0D1C16A86C00B82D88 /* down */,
				2CC79F271C16A86C00B82D88 /* downTests */,
				2CC79F321C16A86C00B82D88 /* downUITests */,
				2CC79F0C1C16A86C00B82D88 /* Products */,
			);
			sourceTree = "<group>";
		};
		2CC79F0C1C16A86C00B82D88 /* Products */ = {
			isa = PBXGroup;
			children = (
				2CC79F0B1C16A86C00B82D88 /* down.app */,
				2CC79F241C16A86C00B82D88 /* downTests.xctest */,
				2CC79F2F1C16A86C00B82D88 /* downUITests.xctest */,
			);
			name = Products;
			sourceTree = "<group>";
		};
		2CC79F0D1C16A86C00B82D88 /* down */ = {
			isa = PBXGroup;
			children = (
				2CC79F111C16A86C00B82D88 /* AppDelegate.h */,
				2CC79F121C16A86C00B82D88 /* AppDelegate.m */,
				2CC79F141C16A86C00B82D88 /* ViewController.h */,
				2CC79F151C16A86C00B82D88 /* ViewController.m */,
				2CC79F171C16A86C00B82D88 /* Main.storyboard */,
				2CC79F1A1C16A86C00B82D88 /* Assets.xcassets */,
				2CC79F1C1C16A86C00B82D88 /* LaunchScreen.storyboard */,
				2CC79F1F1C16A86C00B82D88 /* Info.plist */,
				2CC79F0E1C16A86C00B82D88 /* Supporting Files */,
			);
			path = down;
			sourceTree = "<group>";
		};
		2CC79F0E1C16A86C00B82D88 /* Supporting Files */ = {
			isa = PBXGroup;
			children = (
				2CC79F0F1C16A86C00B82D88 /* main.m */,
			);
			name = "Supporting Files";
			sourceTree = "<group>";
		};
		2CC79F271C16A86C00B82D88 /* downTests */ = {
			isa = PBXGroup;
			children = (
				2CC79F281C16A86C00B82D88 /* downTests.m */,
				2CC79F2A1C16A86C00B82D88 /* Info.plist */,
			);
			path = downTests;
			sourceTree = "<group>";
		};
		2CC79F321C16A86C00B82D88 /* downUITests */ = {
			isa = PBXGroup;
			children = (
				2CC79F331C16A86C00B82D88 /* downUITests.m */,
				2CC79F351C16A86C00B82D88 /* Info.plist */,
			);
			path = downUITests;
			sourceTree = "<group>";
		};
/* End PBXGroup section */

/* Begin PBXNativeTarget section */
		2CC79F0A1C16A86C00B82D88 /* down */ = {
			isa = PBXNativeTarget;
			buildConfigurationList = 2CC79F381C16A86C00B82D88 /* Build configuration list for PBXNativeTarget "down" */;
			buildPhases = (
				2CC79F071C16A86C00B82D88 /* Sources */,
				2CC79F081C16A86C00B82D88 /* Frameworks */,
				2CC79F091C16A86C00B82D88 /* Resources */,
			);
			buildRules = (
			);
			dependencies = (
			);
			name = down;
			productName = down;
			productReference = 2CC79F0B1C16A86C00B82D88 /* down.app */;
			productType = "com.apple.product-type.application";
		};
		2CC79F231C16A86C00B82D88 /* downTests */ = {
			isa = PBXNativeTarget;
			buildConfigurationList = 2CC79F3B1C16A86C00B82D88 /* Build configuration list for PBXNativeTarget "downTests" */;
			buildPhases = (
				2CC79F201C16A86C00B82D88 /* Sources */,
				2CC79F211C16A86C00B82D88 /* Frameworks */,
				2CC79F221C16A86C00B82D88 /* Resources */,
			);
			buildRules = (
			);
			dependencies = (
				2CC79F261C16A86C00B82D88 /* PBXTargetDependency */,
			);
			name = downTests;
			productName = downTests;
			productReference = 2CC79F241C16A86C00B82D88 /* downTests.xctest */;
			productType = "com.apple.product-type.bundle.unit-test";
		};
		2CC79F2E1C16A86C00B82D88 /* downUITests */ = {
			isa = PBXNativeTarget;
			buildConfigurationList = 2CC79F3E1C16A86C00B82D88 /* Build configuration list for PBXNativeTarget "downUITests" */;
			buildPhases = (
				2CC79F2B1C16A86C00B82D88 /* Sources */,
				2CC79F2C1C16A86C00B82D88 /* Frameworks */,
				2CC79F2D1C16A86C00B82D88 /* Resources */,
			);
			buildRules = (
			);
			dependencies = (
				2CC79F311C16A86C00B82D88 /* PBXTargetDependency */,
			);
			name = downUITests;
			productName = downUITests;
			productReference = 2CC79F2F1C16A86C00B82D88 /* downUITests.xctest */;
			productType = "com.apple.product-type.bundle.ui-testing";
		};
/* End PBXNativeTarget section */

/* Begin PBXProject section */
		2CC79F031C16A86C00B82D88 /* Project object */ = {
			isa = PBXProject;
			attributes = {
				LastUpgradeCheck = 0710;
				ORGANIZATIONNAME = fairy;
				TargetAttributes = {
					2CC79F0A1C16A86C00B82D88 = {
						CreatedOnToolsVersion = 7.1.1;
					};
					2CC79F231C16A86C00B82D88 = {
						CreatedOnToolsVersion = 7.1.1;
						TestTargetID = 2CC79F0A1C16A86C00B82D88;
					};
					2CC79F2E1C16A86C00B82D88 = {
						CreatedOnToolsVersion = 7.1.1;
						TestTargetID = 2CC79F0A1C16A86C00B82D88;
					};
				};
			};
			buildConfigurationList = 2CC79F061C16A86C00B82D88 /* Build configuration list for PBXProject "down" */;
			compatibilityVersion = "Xcode 3.2";
			developmentRegion = English;
			hasScannedForEncodings = 0;
			knownRegions = (
				en,
				Base,
			);
			mainGroup = 2CC79F021C16A86C00B82D88;
			productRefGroup = 2CC79F0C1C16A86C00B82D88 /* Products */;
			projectDirPath = "";
			projectRoot = "";
			targets = (
				2CC79F0A1C16A86C00B82D88 /* down */,
				2CC79F231C16A86C00B82D88 /* downTests */,
				2CC79F2E1C16A86C00B82D88 /* downUITests */,
			);
		};
/* End PBXProject section */

/* Begin PBXResourcesBuildPhase section */
		2CC79F091C16A86C00B82D88 /* Resources */ = {
			isa = PBXResourcesBuildPhase;
			buildActionMask = 2147483647;
			files = (
				2CC79F1E1C16A86C00B82D88 /* LaunchScreen.storyboard in Resources */,
				2CC79F1B1C16A86C00B82D88 /* Assets.xcassets in Resources */,
				2CC79F191C16A86C00B82D88 /* Main.storyboard in Resources */,
			);
			runOnlyForDeploymentPostprocessing = 0;
		};
		2CC79F221C16A86C00B82D88 /* Resources */ = {
			isa = PBXResourcesBuildPhase;
			buildActionMask = 2147483647;
			files = (
			);
			runOnlyForDeploymentPostprocessing = 0;
		};
		2CC79F2D1C16A86C00B82D88 /* Resources */ = {
			isa = PBXResourcesBuildPhase;
			buildActionMask = 2147483647;
			files = (
			);
			runOnlyForDeploymentPostprocessing = 0;
		};
/* End PBXResourcesBuildPhase section */

/* Begin PBXSourcesBuildPhase section */
		2CC79F071C16A86C00B82D88 /* Sources */ = {
			isa = PBXSourcesBuildPhase;
			buildActionMask = 2147483647;
			files = (
				2CC79F161C16A86C00B82D88 /* ViewController.m in Sources */,
				2CC79F131C16A86C00B82D88 /* AppDelegate.m in Sources */,
				2CC79F101C16A86C00B82D88 /* main.m in Sources */,
			);
			runOnlyForDeploymentPostprocessing = 0;
		};
		2CC79F201C16A86C00B82D88 /* Sources */ = {
			isa = PBXSourcesBuildPhase;
			buildActionMask = 2147483647;
			files = (
				2CC79F291C16A86C00B82D88 /* downTests.m in Sources */,
			);
			runOnlyForDeploymentPostprocessing = 0;
		};
		2CC79F2B1C16A86C00B82D88 /* Sources */ = {
			isa = PBXSourcesBuildPhase;
			buildActionMask = 2147483647;
			files = (
				2CC79F341C16A86C00B82D88 /* downUITests.m in Sources */,
			);
			runOnlyForDeploymentPostprocessing = 0;
		};
/* End PBXSourcesBuildPhase section */

/* Begin PBXTargetDependency section */
		2CC79F261C16A86C00B82D88 /* PBXTargetDependency */ = {
			isa = PBXTargetDependency;
			target = 2CC79F0A1C16A86C00B82D88 /* down */;
			targetProxy = 2CC79F251C16A86C00B82D88 /* PBXContainerItemProxy */;
		};
		2CC79F311C16A86C00B82D88 /* PBXTargetDependency */ = {
			isa = PBXTargetDependency;
			target = 2CC79F0A1C16A86C00B82D88 /* down */;
			targetProxy = 2CC79F301C16A86C00B82D88 /* PBXContainerItemProxy */;
		};
/* End PBXTargetDependency section */

/* Begin PBXVariantGroup section */
		2CC79F171C16A86C00B82D88 /* Main.storyboard */ = {
			isa = PBXVariantGroup;
			children = (
				2CC79F181C16A86C00B82D88 /* Base */,
			);
			name = Main.storyboard;
			sourceTree = "<group>";
		};
		2CC79F1C1C16A86C00B82D88 /* LaunchScreen.storyboard */ = {
			isa = PBXVariantGroup;
			children = (
				2CC79F1D1C16A86C00B82D88 /* Base */,
			);
			name = LaunchScreen.storyboard;
			sourceTree = "<group>";
		};
/* End PBXVariantGroup section */

/* Begin XCBuildConfiguration section */
		2CC79F361C16A86C00B82D88 /* Debug */ = {
			isa = XCBuildConfiguration;
			buildSettings = {
				ALWAYS_SEARCH_USER_PATHS = NO;
				CLANG_CXX_LANGUAGE_STANDARD = "gnu++0x";
				CLANG_CXX_LIBRARY = "libc++";
				CLANG_ENABLE_MODULES = YES;
				CLANG_ENABLE_OBJC_ARC = YES;
				CLANG_WARN_BOOL_CONVERSION = YES;
				CLANG_WARN_CONSTANT_CONVERSION = YES;
				CLANG_WARN_DIRECT_OBJC_ISA_USAGE = YES_ERROR;
				CLANG_WARN_EMPTY_BODY = YES;
				CLANG_WARN_ENUM_CONVERSION = YES;
				CLANG_WARN_INT_CONVERSION = YES;
				CLANG_WARN_OBJC_ROOT_CLASS = YES_ERROR;
				CLANG_WARN_UNREACHABLE_CODE = YES;
				CLANG_WARN__DUPLICATE_METHOD_MATCH = YES;
				"CODE_SIGN_IDENTITY[sdk=iphoneos*]" = "iPhone Developer";
				COPY_PHASE_STRIP = NO;
				DEBUG_INFORMATION_FORMAT = dwarf;
				ENABLE_STRICT_OBJC_MSGSEND = YES;
				ENABLE_TESTABILITY = YES;
				GCC_C_LANGUAGE_STANDARD = gnu99;
				GCC_DYNAMIC_NO_PIC = NO;
				GCC_NO_COMMON_BLOCKS = YES;
				GCC_OPTIMIZATION_LEVEL = 0;
				GCC_PREPROCESSOR_DEFINITIONS = (
					"DEBUG=1",
					"$(inherited)",
				);
				GCC_WARN_64_TO_32_BIT_CONVERSION = YES;
				GCC_WARN_ABOUT_RETURN_TYPE = YES_ERROR;
				GCC_WARN_UNDECLARED_SELECTOR = YES;
				GCC_WARN_UNINITIALIZED_AUTOS = YES_AGGRESSIVE;
				GCC_WARN_UNUSED_FUNCTION = YES;
				GCC_WARN_UNUSED_VARIABLE = YES;
				IPHONEOS_DEPLOYMENT_TARGET = 9.1;
				MTL_ENABLE_DEBUG_INFO = YES;
				ONLY_ACTIVE_ARCH = YES;
				SDKROOT = iphoneos;
				TARGETED_DEVICE_FAMILY = "1,2";
			};
			name = Debug;
		};
		2CC79F371C16A86C00B82D88 /* Release */ = {
			isa = XCBuildConfiguration;
			buildSettings = {
				ALWAYS_SEARCH_USER_PATHS = NO;
				CLANG_CXX_LANGUAGE_STANDARD = "gnu++0x";
				CLANG_CXX_LIBRARY = "libc++";
				CLANG_ENABLE_MODULES = YES;
				CLANG_ENABLE_OBJC_ARC = YES;
				CLANG_WARN_BOOL_CONVERSION = YES;
				CLANG_WARN_CONSTANT_CONVERSION = YES;
				CLANG_WARN_DIRECT_OBJC_ISA_USAGE = YES_ERROR;
				CLANG_WARN_EMPTY_BODY = YES;
				CLANG_WARN_ENUM_CONVERSION = YES;
				CLANG_WARN_INT_CONVERSION = YES;
				CLANG_WARN_OBJC_ROOT_CLASS = YES_ERROR;
				CLANG_WARN_UNREACHABLE_CODE = YES;
				CLANG_WARN__DUPLICATE_METHOD_MATCH = YES;
				"CODE_SIGN_IDENTITY[sdk=iphoneos*]" = "iPhone Developer";
				COPY_PHASE_STRIP = NO;
				DEBUG_INFORMATION_FORMAT = "dwarf-with-dsym";
				ENABLE_NS_ASSERTIONS = NO;
				ENABLE_STRICT_OBJC_MSGSEND = YES;
				GCC_C_LANGUAGE_STANDARD = gnu99;
				GCC_NO_COMMON_BLOCKS = YES;
				GCC_WARN_64_TO_32_BIT_CONVERSION = YES;
				GCC_WARN_ABOUT_RETURN_TYPE = YES_ERROR;
				GCC_WARN_UNDECLARED_SELECTOR = YES;
				GCC_WARN_UNINITIALIZED_AUTOS = YES_AGGRESSIVE;
				GCC_WARN_UNUSED_FUNCTION = YES;
				GCC_WARN_UNUSED_VARIABLE = YES;
				IPHONEOS_DEPLOYMENT_TARGET = 9.1;
				MTL_ENABLE_DEBUG_INFO = NO;
				SDKROOT = iphoneos;
				TARGETED_DEVICE_FAMILY = "1,2";
				VALIDATE_PRODUCT = YES;
			};
			name = Release;
		};
		2CC79F391C16A86C00B82D88 /* Debug */ = {
			isa = XCBuildConfiguration;
			buildSettings = {
				ASSETCATALOG_COMPILER_APPICON_NAME = AppIcon;
				INFOPLIST_FILE = down/Info.plist;
				LD_RUNPATH_SEARCH_PATHS = "$(inherited) @executable_path/Frameworks";
				PRODUCT_BUNDLE_IDENTIFIER = fairy.com.down;
				PRODUCT_NAME = "$(TARGET_NAME)";
			};
			name = Debug;
		};
		2CC79F3A1C16A86C00B82D88 /* Release */ = {
			isa = XCBuildConfiguration;
			buildSettings = {
				ASSETCATALOG_COMPILER_APPICON_NAME = AppIcon;
				INFOPLIST_FILE = down/Info.plist;
				LD_RUNPATH_SEARCH_PATHS = "$(inherited) @executable_path/Frameworks";
				PRODUCT_BUNDLE_IDENTIFIER = fairy.com.down;
				PRODUCT_NAME = "$(TARGET_NAME)";
			};
			name = Release;
		};
		2CC79F3C1C16A86C00B82D88 /* Debug */ = {
			isa = XCBuildConfiguration;
			buildSettings = {
				BUNDLE_LOADER = "$(TEST_HOST)";
				INFOPLIST_FILE = downTests/Info.plist;
				LD_RUNPATH_SEARCH_PATHS = "$(inherited) @executable_path/Frameworks @loader_path/Frameworks";
				PRODUCT_BUNDLE_IDENTIFIER = fairy.com.downTests;
				PRODUCT_NAME = "$(TARGET_NAME)";
				TEST_HOST = "$(BUILT_PRODUCTS_DIR)/down.app/down";
			};
			name = Debug;
		};
		2CC79F3D1C16A86C00B82D88 /* Release */ = {
			isa = XCBuildConfiguration;
			buildSettings = {
				BUNDLE_LOADER = "$(TEST_HOST)";
				INFOPLIST_FILE = downTests/Info.plist;
				LD_RUNPATH_SEARCH_PATHS = "$(inherited) @executable_path/Frameworks @loader_path/Frameworks";
				PRODUCT_BUNDLE_IDENTIFIER = fairy.com.downTests;
				PRODUCT_NAME = "$(TARGET_NAME)";
				TEST_HOST = "$(BUILT_PRODUCTS_DIR)/down.app/down";
			};
			name = Release;
		};
		2CC79F3F1C16A86C00B82D88 /* Debug */ = {
			isa = XCBuildConfiguration;
			buildSettings = {
				INFOPLIST_FILE = downUITests/Info.plist;
				LD_RUNPATH_SEARCH_PATHS = "$(inherited) @executable_path/Frameworks @loader_path/Frameworks";
				PRODUCT_BUNDLE_IDENTIFIER = fairy.com.downUITests;
				PRODUCT_NAME = "$(TARGET_NAME)";
				TEST_TARGET_NAME = down;
				USES_XCTRUNNER = YES;
			};
			name = Debug;
		};
		2CC79F401C16A86C00B82D88 /* Release */ = {
			isa = XCBuildConfiguration;
			buildSettings = {
				INFOPLIST_FILE = downUITests/Info.plist;
				LD_RUNPATH_SEARCH_PATHS = "$(inherited) @executable_path/Frameworks @loader_path/Frameworks";
				PRODUCT_BUNDLE_IDENTIFIER = fairy.com.downUITests;
				PRODUCT_NAME = "$(TARGET_NAME)";
				TEST_TARGET_NAME = down;
				USES_XCTRUNNER = YES;
			};
			name = Release;
		};
/* End XCBuildConfiguration section */

/* Begin XCConfigurationList section */
		2CC79F061C16A86C00B82D88 /* Build configuration list for PBXProject "down" */ = {
			isa = XCConfigurationList;
			buildConfigurations = (
				2CC79F361C16A86C00B82D88 /* Debug */,
				2CC79F371C16A86C00B82D88 /* Release */,
			);
			defaultConfigurationIsVisible = 0;
			defaultConfigurationName = Release;
		};
		2CC79F381C16A86C00B82D88 /* Build configuration list for PBXNativeTarget "down" */ = {
			isa = XCConfigurationList;
			buildConfigurations = (
				2CC79F391C16A86C00B82D88 /* Debug */,
				2CC79F3A1C16A86C00B82D88 /* Release */,
			);
			defaultConfigurationIsVisible = 0;
		};
		2CC79F3B1C16A86C00B82D88 /* Build configuration list for PBXNativeTarget "downTests" */ = {
			isa = XCConfigurationList;
			buildConfigurations = (
				2CC79F3C1C16A86C00B82D88 /* Debug */,
				2CC79F3D1C16A86C00B82D88 /* Release */,
			);
			defaultConfigurationIsVisible = 0;
		};
		2CC79F3E1C16A86C00B82D88 /* Build configuration list for PBXNativeTarget "downUITests" */ = {
			isa = XCConfigurationList;
			buildConfigurations = (
				2CC79F3F1C16A86C00B82D88 /* Debug */,
				2CC79F401C16A86C00B82D88 /* Release */,
			);
			defaultConfigurationIsVisible = 0;
		};
/* End XCConfigurationList section */
	};
	rootObject = 2CC79F031C16A86C00B82D88 /* Project object */;
}
